
Microsoft Visual Studio Solution File, Format Version 12.00
# Visual Studio Version 16
VisualStudioVersion = 16.0.31229.75
MinimumVisualStudioVersion = 10.0.40219.1
Project("{FAE04EC0-301F-11D3-BF4B-00C04F79EFBC}") = "ConsoleApp5", "ConsoleApp5.csproj", "{42DB56CE-F3B6-4D90-8007-A079E41AA59A}"
EndProject
Global
	GlobalSection(SolutionConfigurationPlatforms) = preSolution
		Debug|Any CPU = Debug|Any CPU
		Release|Any CPU = Release|Any CPU
	EndGlobalSection
	GlobalSection(ProjectConfigurationPlatforms) = postSolution
		{42DB56CE-F3B6-4D90-8007-A079E41AA59A}.Debug|Any CPU.ActiveCfg = Debug|Any CPU
		{42DB56CE-F3B6-4D90-8007-A079E41AA59A}.Debug|Any CPU.Build.0 = Debug|Any CPU
		{42DB56CE-F3B6-4D90-8007-A079E41AA59A}.Release|Any CPU.ActiveCfg = Release|Any CPU
		{42DB56CE-F3B6-4D90-8007-A079E41AA59A}.Release|Any CPU.Build.0 = Release|Any CPU
	EndGlobalSection
	GlobalSection(SolutionProperties) = preSolution
		HideSolutionNode = FALSE
	EndGlobalSection
	GlobalSection(ExtensibilityGlobals) = postSolution
		SolutionGuid = {AEBE2698-1744-4669-B300-232877CC9D5C}
	EndGlobalSection
EndGlobal
